
Microsoft Visual Studio Solution File, Format Version 12.00
# Visual Studio 15
VisualStudioVersion = 15.0.27703.2000
MinimumVisualStudioVersion = 10.0.40219.1
Project("{9A19103F-16F7-4668-BE54-9A1E7A4F7556}") = "TeamsApi", "Api\Api\TeamsApi.csproj", "{76016399-EDA1-4645-A9B8-75173AD79F79}"
EndProject
Project("{9A19103F-16F7-4668-BE54-9A1E7A4F7556}") = "Domain", "Domain\Domain\Domain.csproj", "{05617B41-B85A-42CF-B7C5-7D9298AE18B4}"
EndProject
Project("{9A19103F-16F7-4668-BE54-9A1E7A4F7556}") = "Services", "Api\Services\Services.csproj", "{B112D6F5-3CCA-458F-838E-A15DB3B4168D}"
EndProject
Project("{2150E333-8FDC-42A3-9474-1A3956D46DE8}") = "Utility", "Utility", "{7DC6C238-88DA-42C2-8828-EFE7635E60E5}"
EndProject
Project("{9A19103F-16F7-4668-BE54-9A1E7A4F7556}") = "Logging", "Utility\Logging\Logging.csproj", "{1AE7E4E3-65CD-4B96-AC7B-642475A400D4}"
EndProject
Project("{2150E333-8FDC-42A3-9474-1A3956D46DE8}") = "Teams", "Teams", "{80FDE24C-DFC4-4360-8FD9-AF240E31B734}"
EndProject
Project("{9A19103F-16F7-4668-BE54-9A1E7A4F7556}") = "Configuration", "Utility\Configuration\Configuration.csproj", "{7632AA03-B9DA-4392-A295-860A368AAF81}"
EndProject
Project("{2150E333-8FDC-42A3-9474-1A3956D46DE8}") = "Domain", "Domain", "{D46D36BB-4B97-462A-97C4-25D73568BFF7}"
EndProject
Project("{2150E333-8FDC-42A3-9474-1A3956D46DE8}") = "Database", "Database", "{594C4B27-841B-43EF-973D-968DD3780637}"
EndProject
Project("{00D1A9C2-B5F0-4AF3-8072-F6C62B433612}") = "Football", "Database\Football\Football.sqlproj", "{4D0CA1BE-9ED1-4843-BAE3-24395E7AB8FC}"
EndProject
Project("{FAE04EC0-301F-11D3-BF4B-00C04F79EFBC}") = "Data", "Data\Data.csproj", "{3193ECFE-80B2-4D28-B8D3-B4D1B920C8DE}"
EndProject
Global
	GlobalSection(SolutionConfigurationPlatforms) = preSolution
		Debug|Any CPU = Debug|Any CPU
		Release|Any CPU = Release|Any CPU
	EndGlobalSection
	GlobalSection(ProjectConfigurationPlatforms) = postSolution
		{76016399-EDA1-4645-A9B8-75173AD79F79}.Debug|Any CPU.ActiveCfg = Debug|Any CPU
		{76016399-EDA1-4645-A9B8-75173AD79F79}.Debug|Any CPU.Build.0 = Debug|Any CPU
		{76016399-EDA1-4645-A9B8-75173AD79F79}.Release|Any CPU.ActiveCfg = Release|Any CPU
		{76016399-EDA1-4645-A9B8-75173AD79F79}.Release|Any CPU.Build.0 = Release|Any CPU
		{05617B41-B85A-42CF-B7C5-7D9298AE18B4}.Debug|Any CPU.ActiveCfg = Debug|Any CPU
		{05617B41-B85A-42CF-B7C5-7D9298AE18B4}.Debug|Any CPU.Build.0 = Debug|Any CPU
		{05617B41-B85A-42CF-B7C5-7D9298AE18B4}.Release|Any CPU.ActiveCfg = Release|Any CPU
		{05617B41-B85A-42CF-B7C5-7D9298AE18B4}.Release|Any CPU.Build.0 = Release|Any CPU
		{B112D6F5-3CCA-458F-838E-A15DB3B4168D}.Debug|Any CPU.ActiveCfg = Debug|Any CPU
		{B112D6F5-3CCA-458F-838E-A15DB3B4168D}.Debug|Any CPU.Build.0 = Debug|Any CPU
		{B112D6F5-3CCA-458F-838E-A15DB3B4168D}.Release|Any CPU.ActiveCfg = Release|Any CPU
		{B112D6F5-3CCA-458F-838E-A15DB3B4168D}.Release|Any CPU.Build.0 = Release|Any CPU
		{1AE7E4E3-65CD-4B96-AC7B-642475A400D4}.Debug|Any CPU.ActiveCfg = Debug|Any CPU
		{1AE7E4E3-65CD-4B96-AC7B-642475A400D4}.Debug|Any CPU.Build.0 = Debug|Any CPU
		{1AE7E4E3-65CD-4B96-AC7B-642475A400D4}.Release|Any CPU.ActiveCfg = Release|Any CPU
		{1AE7E4E3-65CD-4B96-AC7B-642475A400D4}.Release|Any CPU.Build.0 = Release|Any CPU
		{7632AA03-B9DA-4392-A295-860A368AAF81}.Debug|Any CPU.ActiveCfg = Debug|Any CPU
		{7632AA03-B9DA-4392-A295-860A368AAF81}.Debug|Any CPU.Build.0 = Debug|Any CPU
		{7632AA03-B9DA-4392-A295-860A368AAF81}.Release|Any CPU.ActiveCfg = Release|Any CPU
		{7632AA03-B9DA-4392-A295-860A368AAF81}.Release|Any CPU.Build.0 = Release|Any CPU
		{4D0CA1BE-9ED1-4843-BAE3-24395E7AB8FC}.Debug|Any CPU.ActiveCfg = Debug|Any CPU
		{4D0CA1BE-9ED1-4843-BAE3-24395E7AB8FC}.Debug|Any CPU.Build.0 = Debug|Any CPU
		{4D0CA1BE-9ED1-4843-BAE3-24395E7AB8FC}.Debug|Any CPU.Deploy.0 = Debug|Any CPU
		{4D0CA1BE-9ED1-4843-BAE3-24395E7AB8FC}.Release|Any CPU.ActiveCfg = Release|Any CPU
		{4D0CA1BE-9ED1-4843-BAE3-24395E7AB8FC}.Release|Any CPU.Build.0 = Release|Any CPU
		{4D0CA1BE-9ED1-4843-BAE3-24395E7AB8FC}.Release|Any CPU.Deploy.0 = Release|Any CPU
		{3193ECFE-80B2-4D28-B8D3-B4D1B920C8DE}.Debug|Any CPU.ActiveCfg = Debug|Any CPU
		{3193ECFE-80B2-4D28-B8D3-B4D1B920C8DE}.Debug|Any CPU.Build.0 = Debug|Any CPU
		{3193ECFE-80B2-4D28-B8D3-B4D1B920C8DE}.Release|Any CPU.ActiveCfg = Release|Any CPU
		{3193ECFE-80B2-4D28-B8D3-B4D1B920C8DE}.Release|Any CPU.Build.0 = Release|Any CPU
	EndGlobalSection
	GlobalSection(SolutionProperties) = preSolution
		HideSolutionNode = FALSE
	EndGlobalSection
	GlobalSection(NestedProjects) = preSolution
		{76016399-EDA1-4645-A9B8-75173AD79F79} = {80FDE24C-DFC4-4360-8FD9-AF240E31B734}
		{05617B41-B85A-42CF-B7C5-7D9298AE18B4} = {D46D36BB-4B97-462A-97C4-25D73568BFF7}
		{B112D6F5-3CCA-458F-838E-A15DB3B4168D} = {80FDE24C-DFC4-4360-8FD9-AF240E31B734}
		{1AE7E4E3-65CD-4B96-AC7B-642475A400D4} = {7DC6C238-88DA-42C2-8828-EFE7635E60E5}
		{7632AA03-B9DA-4392-A295-860A368AAF81} = {7DC6C238-88DA-42C2-8828-EFE7635E60E5}
		{4D0CA1BE-9ED1-4843-BAE3-24395E7AB8FC} = {594C4B27-841B-43EF-973D-968DD3780637}
		{3193ECFE-80B2-4D28-B8D3-B4D1B920C8DE} = {80FDE24C-DFC4-4360-8FD9-AF240E31B734}
	EndGlobalSection
	GlobalSection(ExtensibilityGlobals) = postSolution
		SolutionGuid = {B309E146-D90D-4609-918F-C4A05DDB4D40}
	EndGlobalSection
EndGlobal
